// !$*UTF8*$!
{
	archiveVersion = 1;
	classes = {
	};
	objectVersion = 55;
	objects = {

/* Begin PBXBuildFile section */
		5C0F203D2838033C00000C12 /* CRUD.swift in Sources */ = {isa = PBXBuildFile; fileRef = 5C0F203C2838033C00000C12 /* CRUD.swift */; };
		5C0F203F28380A3C00000C12 /* delegate.swift in Sources */ = {isa = PBXBuildFile; fileRef = 5C0F203E28380A3C00000C12 /* delegate.swift */; };
		5C39F8FF28354D7900D4D993 /* AppDelegate.swift in Sources */ = {isa = PBXBuildFile; fileRef = 5C39F8FE28354D7900D4D993 /* AppDelegate.swift */; };
		5C39F90128354D7900D4D993 /* SceneDelegate.swift in Sources */ = {isa = PBXBuildFile; fileRef = 5C39F90028354D7900D4D993 /* SceneDelegate.swift */; };
		5C39F90328354D7900D4D993 /* HomeVC.swift in Sources */ = {isa = PBXBuildFile; fileRef = 5C39F90228354D7900D4D993 /* HomeVC.swift */; };
		5C39F90628354D7900D4D993 /* Main.storyboard in Resources */ = {isa = PBXBuildFile; fileRef = 5C39F90428354D7900D4D993 /* Main.storyboard */; };
		5C39F90828354D7A00D4D993 /* Assets.xcassets in Resources */ = {isa = PBXBuildFile; fileRef = 5C39F90728354D7A00D4D993 /* Assets.xcassets */; };
		5C39F90B28354D7A00D4D993 /* LaunchScreen.storyboard in Resources */ = {isa = PBXBuildFile; fileRef = 5C39F90928354D7A00D4D993 /* LaunchScreen.storyboard */; };
		5C39F91628355BDC00D4D993 /* ItemCell.swift in Sources */ = {isa = PBXBuildFile; fileRef = 5C39F91428355BDC00D4D993 /* ItemCell.swift */; };
		5C39F91728355BDC00D4D993 /* itemCell.xib in Resources */ = {isa = PBXBuildFile; fileRef = 5C39F91528355BDC00D4D993 /* itemCell.xib */; };
		5C9C159A28368FEF00DF28D3 /* AddVC.swift in Sources */ = {isa = PBXBuildFile; fileRef = 5C9C159928368FEF00DF28D3 /* AddVC.swift */; };
		5CA578D72837CB3400231959 /* ItemEntity.xcdatamodeld in Sources */ = {isa = PBXBuildFile; fileRef = 5CA578D52837CB3400231959 /* ItemEntity.xcdatamodeld */; };
		5CA578EB2837CF0E00231959 /* ItemCoreData+CoreDataClass.swift in Sources */ = {isa = PBXBuildFile; fileRef = 5CA578E92837CF0E00231959 /* ItemCoreData+CoreDataClass.swift */; };
		5CA578EC2837CF0E00231959 /* ItemCoreData+CoreDataProperties.swift in Sources */ = {isa = PBXBuildFile; fileRef = 5CA578EA2837CF0E00231959 /* ItemCoreData+CoreDataProperties.swift */; };
		5CA578F02837DE5D00231959 /* AlretVC.swift in Sources */ = {isa = PBXBuildFile; fileRef = 5CA578EF2837DE5D00231959 /* AlretVC.swift */; };
/* End PBXBuildFile section */

/* Begin PBXFileReference section */
		5C0F203C2838033C00000C12 /* CRUD.swift */ = {isa = PBXFileReference; lastKnownFileType = sourcecode.swift; path = CRUD.swift; sourceTree = "<group>"; };
		5C0F203E28380A3C00000C12 /* delegate.swift */ = {isa = PBXFileReference; lastKnownFileType = sourcecode.swift; path = delegate.swift; sourceTree = "<group>"; };
		5C39F8FB28354D7900D4D993 /* Core Data.app */ = {isa = PBXFileReference; explicitFileType = wrapper.application; includeInIndex = 0; path = "Core Data.app"; sourceTree = BUILT_PRODUCTS_DIR; };
		5C39F8FE28354D7900D4D993 /* AppDelegate.swift */ = {isa = PBXFileReference; lastKnownFileType = sourcecode.swift; path = AppDelegate.swift; sourceTree = "<group>"; };
		5C39F90028354D7900D4D993 /* SceneDelegate.swift */ = {isa = PBXFileReference; lastKnownFileType = sourcecode.swift; path = SceneDelegate.swift; sourceTree = "<group>"; };
		5C39F90228354D7900D4D993 /* HomeVC.swift */ = {isa = PBXFileReference; lastKnownFileType = sourcecode.swift; path = HomeVC.swift; sourceTree = "<group>"; };
		5C39F90528354D7900D4D993 /* Base */ = {isa = PBXFileReference; lastKnownFileType = file.storyboard; name = Base; path = Base.lproj/Main.storyboard; sourceTree = "<group>"; };
		5C39F90728354D7A00D4D993 /* Assets.xcassets */ = {isa = PBXFileReference; lastKnownFileType = folder.assetcatalog; path = Assets.xcassets; sourceTree = "<group>"; };
		5C39F90A28354D7A00D4D993 /* Base */ = {isa = PBXFileReference; lastKnownFileType = file.storyboard; name = Base; path = Base.lproj/LaunchScreen.storyboard; sourceTree = "<group>"; };
		5C39F90C28354D7A00D4D993 /* Info.plist */ = {isa = PBXFileReference; lastKnownFileType = text.plist.xml; path = Info.plist; sourceTree = "<group>"; };
		5C39F91428355BDC00D4D993 /* ItemCell.swift */ = {isa = PBXFileReference; lastKnownFileType = sourcecode.swift; path = ItemCell.swift; sourceTree = "<group>"; };
		5C39F91528355BDC00D4D993 /* itemCell.xib */ = {isa = PBXFileReference; lastKnownFileType = file.xib; path = itemCell.xib; sourceTree = "<group>"; };
		5C9C159928368FEF00DF28D3 /* AddVC.swift */ = {isa = PBXFileReference; lastKnownFileType = sourcecode.swift; path = AddVC.swift; sourceTree = "<group>"; };
		5CA578D62837CB3400231959 /* ItemEntity.xcdatamodel */ = {isa = PBXFileReference; lastKnownFileType = wrapper.xcdatamodel; path = ItemEntity.xcdatamodel; sourceTree = "<group>"; };
		5CA578E92837CF0E00231959 /* ItemCoreData+CoreDataClass.swift */ = {isa = PBXFileReference; lastKnownFileType = sourcecode.swift; path = "ItemCoreData+CoreDataClass.swift"; sourceTree = "<group>"; };
		5CA578EA2837CF0E00231959 /* ItemCoreData+CoreDataProperties.swift */ = {isa = PBXFileReference; lastKnownFileType = sourcecode.swift; path = "ItemCoreData+CoreDataProperties.swift"; sourceTree = "<group>"; };
		5CA578EF2837DE5D00231959 /* AlretVC.swift */ = {isa = PBXFileReference; lastKnownFileType = sourcecode.swift; path = AlretVC.swift; sourceTree = "<group>"; };
/* End PBXFileReference section */

/* Begin PBXFrameworksBuildPhase section */
		5C39F8F828354D7900D4D993 /* Frameworks */ = {
			isa = PBXFrameworksBuildPhase;
			buildActionMask = 2147483647;
			files = (
			);
			runOnlyForDeploymentPostprocessing = 0;
		};
/* End PBXFrameworksBuildPhase section */

/* Begin PBXGroup section */
		5C39F8F228354D7900D4D993 = {
			isa = PBXGroup;
			children = (
				5C0F203E28380A3C00000C12 /* delegate.swift */,
				5C0F203C2838033C00000C12 /* CRUD.swift */,
				5C39F8FD28354D7900D4D993 /* Core Data */,
				5C39F8FC28354D7900D4D993 /* Products */,
			);
			sourceTree = "<group>";
		};
		5C39F8FC28354D7900D4D993 /* Products */ = {
			isa = PBXGroup;
			children = (
				5C39F8FB28354D7900D4D993 /* Core Data.app */,
			);
			name = Products;
			sourceTree = "<group>";
		};
		5C39F8FD28354D7900D4D993 /* Core Data */ = {
			isa = PBXGroup;
			children = (
				5CA578E72837CD0500231959 /* Utilites */,
				5CA578E62837CCBA00231959 /* Model */,
				5CA578E42837CCA800231959 /* View */,
				5CA578E52837CCAE00231959 /* Conteoller */,
				5C39F90728354D7A00D4D993 /* Assets.xcassets */,
				5C39F90C28354D7A00D4D993 /* Info.plist */,
				5CA578EF2837DE5D00231959 /* AlretVC.swift */,
			);
			path = "Core Data";
			sourceTree = "<group>";
		};
		5CA578E42837CCA800231959 /* View */ = {
			isa = PBXGroup;
			children = (
				5C39F90428354D7900D4D993 /* Main.storyboard */,
				5C39F91428355BDC00D4D993 /* ItemCell.swift */,
				5C39F91528355BDC00D4D993 /* itemCell.xib */,
				5C39F90928354D7A00D4D993 /* LaunchScreen.storyboard */,
			);
			path = View;
			sourceTree = "<group>";
		};
		5CA578E52837CCAE00231959 /* Conteoller */ = {
			isa = PBXGroup;
			children = (
				5C9C159928368FEF00DF28D3 /* AddVC.swift */,
				5C39F90228354D7900D4D993 /* HomeVC.swift */,
			);
			path = Conteoller;
			sourceTree = "<group>";
		};
		5CA578E62837CCBA00231959 /* Model */ = {
			isa = PBXGroup;
			children = (
				5CA578E82837CD4F00231959 /* core data */,
			);
			path = Model;
			sourceTree = "<group>";
		};
		5CA578E72837CD0500231959 /* Utilites */ = {
			isa = PBXGroup;
			children = (
				5C39F8FE28354D7900D4D993 /* AppDelegate.swift */,
				5C39F90028354D7900D4D993 /* SceneDelegate.swift */,
			);
			path = Utilites;
			sourceTree = "<group>";
		};
		5CA578E82837CD4F00231959 /* core data */ = {
			isa = PBXGroup;
			children = (
				5CA578E92837CF0E00231959 /* ItemCoreData+CoreDataClass.swift */,
				5CA578EA2837CF0E00231959 /* ItemCoreData+CoreDataProperties.swift */,
				5CA578D52837CB3400231959 /* ItemEntity.xcdatamodeld */,
			);
			path = "core data";
			sourceTree = "<group>";
		};
/* End PBXGroup section */

/* Begin PBXNativeTarget section */
		5C39F8FA28354D7900D4D993 /* Core Data */ = {
			isa = PBXNativeTarget;
			buildConfigurationList = 5C39F90F28354D7A00D4D993 /* Build configuration list for PBXNativeTarget "Core Data" */;
			buildPhases = (
				5C39F8F728354D7900D4D993 /* Sources */,
				5C39F8F828354D7900D4D993 /* Frameworks */,
				5C39F8F928354D7900D4D993 /* Resources */,
			);
			buildRules = (
			);
			dependencies = (
			);
			name = "Core Data";
			productName = "Core Data";
			productReference = 5C39F8FB28354D7900D4D993 /* Core Data.app */;
			productType = "com.apple.product-type.application";
		};
/* End PBXNativeTarget section */

/* Begin PBXProject section */
		5C39F8F328354D7900D4D993 /* Project object */ = {
			isa = PBXProject;
			attributes = {
				BuildIndependentTargetsInParallel = 1;
				LastSwiftUpdateCheck = 1320;
				LastUpgradeCheck = 1320;
				TargetAttributes = {
					5C39F8FA28354D7900D4D993 = {
						CreatedOnToolsVersion = 13.2.1;
					};
				};
			};
			buildConfigurationList = 5C39F8F628354D7900D4D993 /* Build configuration list for PBXProject "Core Data" */;
			compatibilityVersion = "Xcode 13.0";
			developmentRegion = en;
			hasScannedForEncodings = 0;
			knownRegions = (
				en,
				Base,
			);
			mainGroup = 5C39F8F228354D7900D4D993;
			productRefGroup = 5C39F8FC28354D7900D4D993 /* Products */;
			projectDirPath = "";
			projectRoot = "";
			targets = (
				5C39F8FA28354D7900D4D993 /* Core Data */,
			);
		};
/* End PBXProject section */

/* Begin PBXResourcesBuildPhase section */
		5C39F8F928354D7900D4D993 /* Resources */ = {
			isa = PBXResourcesBuildPhase;
			buildActionMask = 2147483647;
			files = (
				5C39F91728355BDC00D4D993 /* itemCell.xib in Resources */,
				5C39F90B28354D7A00D4D993 /* LaunchScreen.storyboard in Resources */,
				5C39F90828354D7A00D4D993 /* Assets.xcassets in Resources */,
				5C39F90628354D7900D4D993 /* Main.storyboard in Resources */,
			);
			runOnlyForDeploymentPostprocessing = 0;
		};
/* End PBXResourcesBuildPhase section */

/* Begin PBXSourcesBuildPhase section */
		5C39F8F728354D7900D4D993 /* Sources */ = {
			isa = PBXSourcesBuildPhase;
			buildActionMask = 2147483647;
			files = (
				5C39F90328354D7900D4D993 /* HomeVC.swift in Sources */,
				5C39F8FF28354D7900D4D993 /* AppDelegate.swift in Sources */,
				5CA578F02837DE5D00231959 /* AlretVC.swift in Sources */,
				5C39F90128354D7900D4D993 /* SceneDelegate.swift in Sources */,
				5CA578EB2837CF0E00231959 /* ItemCoreData+CoreDataClass.swift in Sources */,
				5CA578D72837CB3400231959 /* ItemEntity.xcdatamodeld in Sources */,
				5CA578EC2837CF0E00231959 /* ItemCoreData+CoreDataProperties.swift in Sources */,
				5C0F203F28380A3C00000C12 /* delegate.swift in Sources */,
				5C39F91628355BDC00D4D993 /* ItemCell.swift in Sources */,
				5C9C159A28368FEF00DF28D3 /* AddVC.swift in Sources */,
				5C0F203D2838033C00000C12 /* CRUD.swift in Sources */,
			);
			runOnlyForDeploymentPostprocessing = 0;
		};
/* End PBXSourcesBuildPhase section */

/* Begin PBXVariantGroup section */
		5C39F90428354D7900D4D993 /* Main.storyboard */ = {
			isa = PBXVariantGroup;
			children = (
				5C39F90528354D7900D4D993 /* Base */,
			);
			name = Main.storyboard;
			sourceTree = "<group>";
		};
		5C39F90928354D7A00D4D993 /* LaunchScreen.storyboard */ = {
			isa = PBXVariantGroup;
			children = (
				5C39F90A28354D7A00D4D993 /* Base */,
			);
			name = LaunchScreen.storyboard;
			sourceTree = "<group>";
		};
/* End PBXVariantGroup section */

/* Begin XCBuildConfiguration section */
		5C39F90D28354D7A00D4D993 /* Debug */ = {
			isa = XCBuildConfiguration;
			buildSettings = {
				ALWAYS_SEARCH_USER_PATHS = NO;
				CLANG_ANALYZER_NONNULL = YES;
				CLANG_ANALYZER_NUMBER_OBJECT_CONVERSION = YES_AGGRESSIVE;
				CLANG_CXX_LANGUAGE_STANDARD = "gnu++17";
				CLANG_CXX_LIBRARY = "libc++";
				CLANG_ENABLE_MODULES = YES;
				CLANG_ENABLE_OBJC_ARC = YES;
				CLANG_ENABLE_OBJC_WEAK = YES;
				CLANG_WARN_BLOCK_CAPTURE_AUTORELEASING = YES;
				CLANG_WARN_BOOL_CONVERSION = YES;
				CLANG_WARN_COMMA = YES;
				CLANG_WARN_CONSTANT_CONVERSION = YES;
				CLANG_WARN_DEPRECATED_OBJC_IMPLEMENTATIONS = YES;
				CLANG_WARN_DIRECT_OBJC_ISA_USAGE = YES_ERROR;
				CLANG_WARN_DOCUMENTATION_COMMENTS = YES;
				CLANG_WARN_EMPTY_BODY = YES;
				CLANG_WARN_ENUM_CONVERSION = YES;
				CLANG_WARN_INFINITE_RECURSION = YES;
				CLANG_WARN_INT_CONVERSION = YES;
				CLANG_WARN_NON_LITERAL_NULL_CONVERSION = YES;
				CLANG_WARN_OBJC_IMPLICIT_RETAIN_SELF = YES;
				CLANG_WARN_OBJC_LITERAL_CONVERSION = YES;
				CLANG_WARN_OBJC_ROOT_CLASS = YES_ERROR;
				CLANG_WARN_QUOTED_INCLUDE_IN_FRAMEWORK_HEADER = YES;
				CLANG_WARN_RANGE_LOOP_ANALYSIS = YES;
				CLANG_WARN_STRICT_PROTOTYPES = YES;
				CLANG_WARN_SUSPICIOUS_MOVE = YES;
				CLANG_WARN_UNGUARDED_AVAILABILITY = YES_AGGRESSIVE;
				CLANG_WARN_UNREACHABLE_CODE = YES;
				CLANG_WARN__DUPLICATE_METHOD_MATCH = YES;
				COPY_PHASE_STRIP = NO;
				DEBUG_INFORMATION_FORMAT = dwarf;
				ENABLE_STRICT_OBJC_MSGSEND = YES;
				ENABLE_TESTABILITY = YES;
				GCC_C_LANGUAGE_STANDARD = gnu11;
				GCC_DYNAMIC_NO_PIC = NO;
				GCC_NO_COMMON_BLOCKS = YES;
				GCC_OPTIMIZATION_LEVEL = 0;
				GCC_PREPROCESSOR_DEFINITIONS = (
					"DEBUG=1",
					"$(inherited)",
				);
				GCC_WARN_64_TO_32_BIT_CONVERSION = YES;
				GCC_WARN_ABOUT_RETURN_TYPE = YES_ERROR;
				GCC_WARN_UNDECLARED_SELECTOR = YES;
				GCC_WARN_UNINITIALIZED_AUTOS = YES_AGGRESSIVE;
				GCC_WARN_UNUSED_FUNCTION = YES;
				GCC_WARN_UNUSED_VARIABLE = YES;
				IPHONEOS_DEPLOYMENT_TARGET = 15.2;
				MTL_ENABLE_DEBUG_INFO = INCLUDE_SOURCE;
				MTL_FAST_MATH = YES;
				ONLY_ACTIVE_ARCH = YES;
				SDKROOT = iphoneos;
				SWIFT_ACTIVE_COMPILATION_CONDITIONS = DEBUG;
				SWIFT_OPTIMIZATION_LEVEL = "-Onone";
			};
			name = Debug;
		};
		5C39F90E28354D7A00D4D993 /* Release */ = {
			isa = XCBuildConfiguration;
			buildSettings = {
				ALWAYS_SEARCH_USER_PATHS = NO;
				CLANG_ANALYZER_NONNULL = YES;
				CLANG_ANALYZER_NUMBER_OBJECT_CONVERSION = YES_AGGRESSIVE;
				CLANG_CXX_LANGUAGE_STANDARD = "gnu++17";
				CLANG_CXX_LIBRARY = "libc++";
				CLANG_ENABLE_MODULES = YES;
				CLANG_ENABLE_OBJC_ARC = YES;
				CLANG_ENABLE_OBJC_WEAK = YES;
				CLANG_WARN_BLOCK_CAPTURE_AUTORELEASING = YES;
				CLANG_WARN_BOOL_CONVERSION = YES;
				CLANG_WARN_COMMA = YES;
				CLANG_WARN_CONSTANT_CONVERSION = YES;
				CLANG_WARN_DEPRECATED_OBJC_IMPLEMENTATIONS = YES;
				CLANG_WARN_DIRECT_OBJC_ISA_USAGE = YES_ERROR;
				CLANG_WARN_DOCUMENTATION_COMMENTS = YES;
				CLANG_WARN_EMPTY_BODY = YES;
				CLANG_WARN_ENUM_CONVERSION = YES;
				CLANG_WARN_INFINITE_RECURSION = YES;
				CLANG_WARN_INT_CONVERSION = YES;
				CLANG_WARN_NON_LITERAL_NULL_CONVERSION = YES;
				CLANG_WARN_OBJC_IMPLICIT_RETAIN_SELF = YES;
				CLANG_WARN_OBJC_LITERAL_CONVERSION = YES;
				CLANG_WARN_OBJC_ROOT_CLASS = YES_ERROR;
				CLANG_WARN_QUOTED_INCLUDE_IN_FRAMEWORK_HEADER = YES;
				CLANG_WARN_RANGE_LOOP_ANALYSIS = YES;
				CLANG_WARN_STRICT_PROTOTYPES = YES;
				CLANG_WARN_SUSPICIOUS_MOVE = YES;
				CLANG_WARN_UNGUARDED_AVAILABILITY = YES_AGGRESSIVE;
				CLANG_WARN_UNREACHABLE_CODE = YES;
				CLANG_WARN__DUPLICATE_METHOD_MATCH = YES;
				COPY_PHASE_STRIP = NO;
				DEBUG_INFORMATION_FORMAT = "dwarf-with-dsym";
				ENABLE_NS_ASSERTIONS = NO;
				ENABLE_STRICT_OBJC_MSGSEND = YES;
				GCC_C_LANGUAGE_STANDARD = gnu11;
				GCC_NO_COMMON_BLOCKS = YES;
				GCC_WARN_64_TO_32_BIT_CONVERSION = YES;
				GCC_WARN_ABOUT_RETURN_TYPE = YES_ERROR;
				GCC_WARN_UNDECLARED_SELECTOR = YES;
				GCC_WARN_UNINITIALIZED_AUTOS = YES_AGGRESSIVE;
				GCC_WARN_UNUSED_FUNCTION = YES;
				GCC_WARN_UNUSED_VARIABLE = YES;
				IPHONEOS_DEPLOYMENT_TARGET = 15.2;
				MTL_ENABLE_DEBUG_INFO = NO;
				MTL_FAST_MATH = YES;
				SDKROOT = iphoneos;
				SWIFT_COMPILATION_MODE = wholemodule;
				SWIFT_OPTIMIZATION_LEVEL = "-O";
				VALIDATE_PRODUCT = YES;
			};
			name = Release;
		};
		5C39F91028354D7A00D4D993 /* Debug */ = {
			isa = XCBuildConfiguration;
			buildSettings = {
				ASSETCATALOG_COMPILER_APPICON_NAME = AppIcon;
				ASSETCATALOG_COMPILER_GLOBAL_ACCENT_COLOR_NAME = AccentColor;
				CODE_SIGN_STYLE = Automatic;
				CURRENT_PROJECT_VERSION = 1;
				GENERATE_INFOPLIST_FILE = YES;
				INFOPLIST_FILE = "Core Data/Info.plist";
				INFOPLIST_KEY_UIApplicationSupportsIndirectInputEvents = YES;
				INFOPLIST_KEY_UILaunchStoryboardName = LaunchScreen;
				INFOPLIST_KEY_UIMainStoryboardFile = Main;
				INFOPLIST_KEY_UISupportedInterfaceOrientations_iPad = "UIInterfaceOrientationPortrait UIInterfaceOrientationPortraitUpsideDown UIInterfaceOrientationLandscapeLeft UIInterfaceOrientationLandscapeRight";
				INFOPLIST_KEY_UISupportedInterfaceOrientations_iPhone = "UIInterfaceOrientationPortrait UIInterfaceOrientationLandscapeLeft UIInterfaceOrientationLandscapeRight";
				LD_RUNPATH_SEARCH_PATHS = (
					"$(inherited)",
					"@executable_path/Frameworks",
				);
				MARKETING_VERSION = 1.0;
				PRODUCT_BUNDLE_IDENTIFIER = "Hassan-Ali.Core-Data";
				PRODUCT_NAME = "$(TARGET_NAME)";
				SWIFT_EMIT_LOC_STRINGS = YES;
				SWIFT_VERSION = 5.0;
				TARGETED_DEVICE_FAMILY = "1,2";
			};
			name = Debug;
		};
		5C39F91128354D7A00D4D993 /* Release */ = {
			isa = XCBuildConfiguration;
			buildSettings = {
				ASSETCATALOG_COMPILER_APPICON_NAME = AppIcon;
				ASSETCATALOG_COMPILER_GLOBAL_ACCENT_COLOR_NAME = AccentColor;
				CODE_SIGN_STYLE = Automatic;
				CURRENT_PROJECT_VERSION = 1;
				GENERATE_INFOPLIST_FILE = YES;
				INFOPLIST_FILE = "Core Data/Info.plist";
				INFOPLIST_KEY_UIApplicationSupportsIndirectInputEvents = YES;
				INFOPLIST_KEY_UILaunchStoryboardName = LaunchScreen;
				INFOPLIST_KEY_UIMainStoryboardFile = Main;
				INFOPLIST_KEY_UISupportedInterfaceOrientations_iPad = "UIInterfaceOrientationPortrait UIInterfaceOrientationPortraitUpsideDown UIInterfaceOrientationLandscapeLeft UIInterfaceOrientationLandscapeRight";
				INFOPLIST_KEY_UISupportedInterfaceOrientations_iPhone = "UIInterfaceOrientationPortrait UIInterfaceOrientationLandscapeLeft UIInterfaceOrientationLandscapeRight";
				LD_RUNPATH_SEARCH_PATHS = (
					"$(inherited)",
					"@executable_path/Frameworks",
				);
				MARKETING_VERSION = 1.0;
				PRODUCT_BUNDLE_IDENTIFIER = "Hassan-Ali.Core-Data";
				PRODUCT_NAME = "$(TARGET_NAME)";
				SWIFT_EMIT_LOC_STRINGS = YES;
				SWIFT_VERSION = 5.0;
				TARGETED_DEVICE_FAMILY = "1,2";
			};
			name = Release;
		};
/* End XCBuildConfiguration section */

/* Begin XCConfigurationList section */
		5C39F8F628354D7900D4D993 /* Build configuration list for PBXProject "Core Data" */ = {
			isa = XCConfigurationList;
			buildConfigurations = (
				5C39F90D28354D7A00D4D993 /* Debug */,
				5C39F90E28354D7A00D4D993 /* Release */,
			);
			defaultConfigurationIsVisible = 0;
			defaultConfigurationName = Release;
		};
		5C39F90F28354D7A00D4D993 /* Build configuration list for PBXNativeTarget "Core Data" */ = {
			isa = XCConfigurationList;
			buildConfigurations = (
				5C39F91028354D7A00D4D993 /* Debug */,
				5C39F91128354D7A00D4D993 /* Release */,
			);
			defaultConfigurationIsVisible = 0;
			defaultConfigurationName = Release;
		};
/* End XCConfigurationList section */

/* Begin XCVersionGroup section */
		5CA578D52837CB3400231959 /* ItemEntity.xcdatamodeld */ = {
			isa = XCVersionGroup;
			children = (
				5CA578D62837CB3400231959 /* ItemEntity.xcdatamodel */,
			);
			currentVersion = 5CA578D62837CB3400231959 /* ItemEntity.xcdatamodel */;
			path = ItemEntity.xcdatamodeld;
			sourceTree = "<group>";
			versionGroupType = wrapper.xcdatamodel;
		};
/* End XCVersionGroup section */
	};
	rootObject = 5C39F8F328354D7900D4D993 /* Project object */;
}
